
Microsoft Visual Studio Solution File, Format Version 12.00
# Visual Studio Version 17
VisualStudioVersion = 17.11.35327.3
MinimumVisualStudioVersion = 10.0.40219.1
Project("{9A19103F-16F7-4668-BE54-9A1E7A4F7556}") = "UserService", "UserService\UserService.csproj", "{FC85B420-317E-46CF-8472-6BDCE4D554F6}"
EndProject
Project("{9A19103F-16F7-4668-BE54-9A1E7A4F7556}") = "OAuth", "OAuth\OAuth.csproj", "{A4BD67F3-99BD-4BDE-8864-DDC278006028}"
EndProject
Project("{9A19103F-16F7-4668-BE54-9A1E7A4F7556}") = "MessageService", "MessageService\MessageService.csproj", "{870E8DFB-17B1-4AA7-B56E-304D26CCCC8F}"
EndProject
Project("{FAE04EC0-301F-11D3-BF4B-00C04F79EFBC}") = "UnitTest", "UnitTest\UnitTest.csproj", "{388ECF38-A876-4242-A5E4-774553AAECA4}"
EndProject
Global
	GlobalSection(SolutionConfigurationPlatforms) = preSolution
		Debug|Any CPU = Debug|Any CPU
		Release|Any CPU = Release|Any CPU
	EndGlobalSection
	GlobalSection(ProjectConfigurationPlatforms) = postSolution
		{FC85B420-317E-46CF-8472-6BDCE4D554F6}.Debug|Any CPU.ActiveCfg = Debug|Any CPU
		{FC85B420-317E-46CF-8472-6BDCE4D554F6}.Debug|Any CPU.Build.0 = Debug|Any CPU
		{FC85B420-317E-46CF-8472-6BDCE4D554F6}.Release|Any CPU.ActiveCfg = Release|Any CPU
		{FC85B420-317E-46CF-8472-6BDCE4D554F6}.Release|Any CPU.Build.0 = Release|Any CPU
		{A4BD67F3-99BD-4BDE-8864-DDC278006028}.Debug|Any CPU.ActiveCfg = Debug|Any CPU
		{A4BD67F3-99BD-4BDE-8864-DDC278006028}.Debug|Any CPU.Build.0 = Debug|Any CPU
		{A4BD67F3-99BD-4BDE-8864-DDC278006028}.Release|Any CPU.ActiveCfg = Release|Any CPU
		{A4BD67F3-99BD-4BDE-8864-DDC278006028}.Release|Any CPU.Build.0 = Release|Any CPU
		{870E8DFB-17B1-4AA7-B56E-304D26CCCC8F}.Debug|Any CPU.ActiveCfg = Debug|Any CPU
		{870E8DFB-17B1-4AA7-B56E-304D26CCCC8F}.Debug|Any CPU.Build.0 = Debug|Any CPU
		{870E8DFB-17B1-4AA7-B56E-304D26CCCC8F}.Release|Any CPU.ActiveCfg = Release|Any CPU
		{870E8DFB-17B1-4AA7-B56E-304D26CCCC8F}.Release|Any CPU.Build.0 = Release|Any CPU
		{388ECF38-A876-4242-A5E4-774553AAECA4}.Debug|Any CPU.ActiveCfg = Debug|Any CPU
		{388ECF38-A876-4242-A5E4-774553AAECA4}.Debug|Any CPU.Build.0 = Debug|Any CPU
		{388ECF38-A876-4242-A5E4-774553AAECA4}.Release|Any CPU.ActiveCfg = Release|Any CPU
		{388ECF38-A876-4242-A5E4-774553AAECA4}.Release|Any CPU.Build.0 = Release|Any CPU
	EndGlobalSection
	GlobalSection(SolutionProperties) = preSolution
		HideSolutionNode = FALSE
	EndGlobalSection
	GlobalSection(ExtensibilityGlobals) = postSolution
		SolutionGuid = {8B490D5F-90D8-431A-B157-79808C954D4A}
	EndGlobalSection
EndGlobal
